<?xml version="1.0" encoding="utf-8"?>
<Project ToolsVersion="4.0" xmlns="http://schemas.microsoft.com/developer/msbuild/2003">
  <ItemGroup>
    <Filter Include="Source Files">
      <UniqueIdentifier>{16f91e28-de9a-42b4-928a-909555d2a1ce}</UniqueIdentifier>
    </Filter>
    <Filter Include="Link Libraries">
      <UniqueIdentifier>{d7843538-5d09-44bb-9331-c628f04532f5}</UniqueIdentifier>
    </Filter>
    <Filter Include="Header Files">
      <UniqueIdentifier>{bc25be42-68c5-4d64-98a3-850c789c8470}</UniqueIdentifier>
    </Filter>
    <Filter Include="SAPI Header Files">
      <UniqueIdentifier>{b5006267-fc8b-4d3d-a576-a3b4489fafd3}</UniqueIdentifier>
    </Filter>
    <Filter Include="Public Header Files">
      <UniqueIdentifier>{f61c361e-2ed7-4921-b3e2-50a4a10af62f}</UniqueIdentifier>
    </Filter>
  </ItemGroup>
  <ItemGroup>
    <ClCompile Include="extractor_utils.cpp">
      <Filter>Source Files</Filter>
    </ClCompile>
    <ClCompile Include="..\..\public\tier0\memoverride.cpp">
      <Filter>Source Files</Filter>
    </ClCompile>
    <ClCompile Include="..\..\public\phonemeconverter.cpp">
      <Filter>Source Files</Filter>
    </ClCompile>
    <ClCompile Include="phonemeextractor.cpp">
      <Filter>Source Files</Filter>
    </ClCompile>
    <ClCompile Include="..\..\public\sentence.cpp">
      <Filter>Source Files</Filter>
    </ClCompile>
  </ItemGroup>
  <ItemGroup>
    <Library Include="..\..\lib\public\mathlib.lib">
      <Filter>Link Libraries</Filter>
    </Library>
    <Library Include="..\sapi51\lib\i386\sapi.lib">
      <Filter>Link Libraries</Filter>
    </Library>
    <Library Include="..\..\lib\public\tier0.lib">
      <Filter>Link Libraries</Filter>
    </Library>
    <Library Include="..\..\lib\public\tier1.lib">
      <Filter>Link Libraries</Filter>
    </Library>
    <Library Include="..\..\lib\public\vstdlib.lib">
      <Filter>Link Libraries</Filter>
    </Library>
  </ItemGroup>
  <ItemGroup>
    <ClInclude Include="talkback.h">
      <Filter>Header Files</Filter>
    </ClInclude>
    <ClInclude Include="..\sapi51\include\sapi.h">
      <Filter>SAPI Header Files</Filter>
    </ClInclude>
    <ClInclude Include="..\sapi51\include\sapiddk.h">
      <Filter>SAPI Header Files</Filter>
    </ClInclude>
    <ClInclude Include="..\sapi51\include\spddkhlp.h">
      <Filter>SAPI Header Files</Filter>
    </ClInclude>
    <ClInclude Include="..\sapi51\include\spdebug.h">
      <Filter>SAPI Header Files</Filter>
    </ClInclude>
    <ClInclude Include="..\sapi51\include\sperror.h">
      <Filter>SAPI Header Files</Filter>
    </ClInclude>
    <ClInclude Include="..\sapi51\include\sphelper.h">
      <Filter>SAPI Header Files</Filter>
    </ClInclude>
    <ClInclude Include="..\..\public\mathlib\amd3dx.h">
      <Filter>Public Header Files</Filter>
    </ClInclude>
    <ClInclude Include="..\..\public\tier0\basetypes.h">
      <Filter>Public Header Files</Filter>
    </ClInclude>
    <ClInclude Include="..\..\public\commonmacros.h">
      <Filter>Public Header Files</Filter>
    </ClInclude>
    <ClInclude Include="..\..\public\tier0\dbg.h">
      <Filter>Public Header Files</Filter>
    </ClInclude>
    <ClInclude Include="..\..\public\tier0\fasttimer.h">
      <Filter>Public Header Files</Filter>
    </ClInclude>
    <ClInclude Include="..\..\public\appframework\IAppSystem.h">
      <Filter>Public Header Files</Filter>
    </ClInclude>
    <ClInclude Include="..\..\public\mathlib\mathlib.h">
      <Filter>Public Header Files</Filter>
    </ClInclude>
    <ClInclude Include="..\..\public\phonemeconverter.h">
      <Filter>Public Header Files</Filter>
    </ClInclude>
    <ClInclude Include="..\..\public\phonemeextractor\phonemeextractor.h">
      <Filter>Public Header Files</Filter>
    </ClInclude>
    <ClInclude Include="..\..\public\tier0\platform.h">
      <Filter>Public Header Files</Filter>
    </ClInclude>
    <ClInclude Include="..\..\public\protected_things.h">
      <Filter>Public Header Files</Filter>
    </ClInclude>
    <ClInclude Include="..\..\public\sentence.h">
      <Filter>Public Header Files</Filter>
    </ClInclude>
    <ClInclude Include="..\..\public\string_t.h">
      <Filter>Public Header Files</Filter>
    </ClInclude>
    <ClInclude Include="..\..\public\vstdlib\strtools.h">
      <Filter>Public Header Files</Filter>
    </ClInclude>
    <ClInclude Include="..\..\public\tier1\utllinkedlist.h">
      <Filter>Public Header Files</Filter>
    </ClInclude>
    <ClInclude Include="..\..\public\tier1\utlmemory.h">
      <Filter>Public Header Files</Filter>
    </ClInclude>
    <ClInclude Include="..\..\public\tier1\utlvector.h">
      <Filter>Public Header Files</Filter>
    </ClInclude>
    <ClInclude Include="..\..\public\mathlib\vector.h">
      <Filter>Public Header Files</Filter>
    </ClInclude>
    <ClInclude Include="..\..\public\mathlib\vector2d.h">
      <Filter>Public Header Files</Filter>
    </ClInclude>
    <ClInclude Include="..\..\public\vstdlib\vstdlib.h">
      <Filter>Public Header Files</Filter>
    </ClInclude>
  </ItemGroup>
</Project>